{
  "requires": true,
  "lockfileVersion": 1,
  "dependencies": {
    "collections": {
      "version": "5.1.11",
      "resolved": "https://registry.npmjs.org/collections/-/collections-5.1.11.tgz",
      "integrity": "sha512-WbBP7RRuAwnZHNTcDsUEHZxcowEWMfI0r2iN0okRS147IAvJsR6EAi1+b/C0ytmCtGne456azwgZ1RZsBxWSiw==",
      "requires": {
        "weak-map": "~1.0.x"
      }
    },
    "weak-map": {
      "version": "1.0.5",
      "resolved": "https://registry.npmjs.org/weak-map/-/weak-map-1.0.5.tgz",
      "integrity": "sha1-eWkVhNmGB/UHC9O3CkDmuyLkAes="
    }
  }
}
